
Microsoft Visual Studio Solution File, Format Version 12.00
# Visual Studio Version 16
VisualStudioVersion = 16.0.30907.101
MinimumVisualStudioVersion = 10.0.40219.1
Project("{FAE04EC0-301F-11D3-BF4B-00C04F79EFBC}") = "ForEach_1", "ForEach_1\ForEach_1.csproj", "{775FB8C0-A4A5-4BE0-A9FB-3FB88B78C6B9}"
EndProject
Global
	GlobalSection(SolutionConfigurationPlatforms) = preSolution
		Debug|Any CPU = Debug|Any CPU
		Release|Any CPU = Release|Any CPU
	EndGlobalSection
	GlobalSection(ProjectConfigurationPlatforms) = postSolution
		{775FB8C0-A4A5-4BE0-A9FB-3FB88B78C6B9}.Debug|Any CPU.ActiveCfg = Debug|Any CPU
		{775FB8C0-A4A5-4BE0-A9FB-3FB88B78C6B9}.Debug|Any CPU.Build.0 = Debug|Any CPU
		{775FB8C0-A4A5-4BE0-A9FB-3FB88B78C6B9}.Release|Any CPU.ActiveCfg = Release|Any CPU
		{775FB8C0-A4A5-4BE0-A9FB-3FB88B78C6B9}.Release|Any CPU.Build.0 = Release|Any CPU
	EndGlobalSection
	GlobalSection(SolutionProperties) = preSolution
		HideSolutionNode = FALSE
	EndGlobalSection
	GlobalSection(ExtensibilityGlobals) = postSolution
		SolutionGuid = {80472D88-0175-40D1-947E-6FBBB782CEC8}
	EndGlobalSection
EndGlobal
